
Microsoft Visual Studio Solution File, Format Version 12.00
# Visual Studio 14
VisualStudioVersion = 14.0.25420.1
MinimumVisualStudioVersion = 10.0.40219.1
Project("{FAE04EC0-301F-11D3-BF4B-00C04F79EFBC}") = "Marketing.Data", "Marketing.Data\Marketing.Data.csproj", "{314AA28E-E5A9-40B3-AA9B-C2C0E5BAD059}"
EndProject
Project("{FAE04EC0-301F-11D3-BF4B-00C04F79EFBC}") = "Warehouse.Data", "Warehouse.Data\Warehouse.Data.csproj", "{FEE53DC5-B52D-49DB-8F07-A8C835998283}"
EndProject
Project("{FAE04EC0-301F-11D3-BF4B-00C04F79EFBC}") = "Sales.Data", "Sales.Data\Sales.Data.csproj", "{80F82F7D-3F0A-4316-87CD-49F19DBD5B85}"
EndProject
Project("{2150E333-8FDC-42A3-9474-1A3956D46DE8}") = "Marketing", "Marketing", "{808B901F-6EF7-49F0-B668-F54EEDB1F3F1}"
EndProject
Project("{2150E333-8FDC-42A3-9474-1A3956D46DE8}") = "Warehouse", "Warehouse", "{65F37558-1C29-4247-BD01-4DFAFD452ECB}"
EndProject
Project("{2150E333-8FDC-42A3-9474-1A3956D46DE8}") = "Sales", "Sales", "{3F113598-B240-4E06-B41A-6C684C208F2A}"
EndProject
Project("{2150E333-8FDC-42A3-9474-1A3956D46DE8}") = "Shipping", "Shipping", "{26682838-0793-404D-A434-8C9890CD8141}"
EndProject
Project("{2150E333-8FDC-42A3-9474-1A3956D46DE8}") = "CustomerCare", "CustomerCare", "{D10E0315-B178-4A0B-B089-C8B77DFB7E28}"
EndProject
Project("{FAE04EC0-301F-11D3-BF4B-00C04F79EFBC}") = "Shipping.Data", "Shipping.Data\Shipping.Data.csproj", "{DDD197A8-088D-4D14-B467-2E8821A194FE}"
EndProject
Project("{FAE04EC0-301F-11D3-BF4B-00C04F79EFBC}") = "CustomerCare.Data", "CustomerCare.Data\CustomerCare.Data.csproj", "{5D29935F-0A01-4FB4-87E3-E77E76F03A4B}"
EndProject
Project("{FAE04EC0-301F-11D3-BF4B-00C04F79EFBC}") = "Marketing.API.Host", "Marketing.API.Host\Marketing.API.Host.csproj", "{24CA26DC-B634-428A-B026-8DCC2400073C}"
EndProject
Project("{FAE04EC0-301F-11D3-BF4B-00C04F79EFBC}") = "Radical.Bootstrapper.Windsor.WebAPI", "Radical.Bootstrapper.Windsor.WebAPI\Radical.Bootstrapper.Windsor.WebAPI.csproj", "{3CE63ADE-DFAD-4258-95A9-1376927F7DB0}"
EndProject
Project("{FAE04EC0-301F-11D3-BF4B-00C04F79EFBC}") = "Sales.API.Host", "Sales.API.Host\Sales.API.Host.csproj", "{A0889F19-5C06-4245-8007-0B4AE2B38F66}"
EndProject
Project("{FAE04EC0-301F-11D3-BF4B-00C04F79EFBC}") = "Warehouse.API.Host", "Warehouse.API.Host\Warehouse.API.Host.csproj", "{27394BC8-ABE0-4640-B0D3-EF026A653648}"
EndProject
Project("{FAE04EC0-301F-11D3-BF4B-00C04F79EFBC}") = "Shipping.API.Host", "Shipping.API.Host\Shipping.API.Host.csproj", "{8453A5D4-29B7-4FA2-87AE-7F927D23C620}"
EndProject
Project("{FAE04EC0-301F-11D3-BF4B-00C04F79EFBC}") = "CustomerCare.API.Host", "CustomerCare.API.Host\CustomerCare.API.Host.csproj", "{2722C284-6DAE-4A22-95EE-EE1BC89D2040}"
EndProject
Project("{2150E333-8FDC-42A3-9474-1A3956D46DE8}") = "Infrastructure", "Infrastructure", "{9C624413-311A-4BC3-8B7D-C0BD80654813}"
EndProject
Project("{8BB2217D-0F2D-49D1-97BC-3654ED321F3B}") = "MvcCoreFrontend", "MvcCoreFrontend\MvcCoreFrontend.xproj", "{A4C64846-FE62-433B-B3C9-8DB6F784F8AA}"
EndProject
Project("{8BB2217D-0F2D-49D1-97BC-3654ED321F3B}") = "CoreViewModelComposition", "CoreViewModelComposition\CoreViewModelComposition.xproj", "{630E7C82-8078-460F-A038-7769D60A8834}"
EndProject
Project("{8BB2217D-0F2D-49D1-97BC-3654ED321F3B}") = "Marketing.CoreViewModelComposition", "Marketing.CoreViewModelComposition\Marketing.CoreViewModelComposition.xproj", "{3CD34822-B819-4862-ABBA-B679DB43AD08}"
EndProject
Project("{8BB2217D-0F2D-49D1-97BC-3654ED321F3B}") = "JsonHelpers", "JsonHelpers\JsonHelpers.xproj", "{A8D9AD44-9BD3-4532-8884-8BD0DC727530}"
EndProject
Project("{8BB2217D-0F2D-49D1-97BC-3654ED321F3B}") = "HttpHelpers", "HttpHelpers\HttpHelpers.xproj", "{1332477D-3A04-4A2F-8F8A-C2517FDAF4E4}"
EndProject
Project("{8BB2217D-0F2D-49D1-97BC-3654ED321F3B}") = "Sales.CoreViewModelComposition", "Sales.CoreViewModelComposition\Sales.CoreViewModelComposition.xproj", "{AACA465A-7FE1-43D6-BB19-23BA69582943}"
EndProject
Project("{8BB2217D-0F2D-49D1-97BC-3654ED321F3B}") = "Sales.ViewComponents", "Sales.ViewComponents\Sales.ViewComponents.xproj", "{819D4FFE-FF25-4C75-A0D6-CFD964B1CE2B}"
EndProject
Project("{8BB2217D-0F2D-49D1-97BC-3654ED321F3B}") = "Marketing.ViewComponents", "Marketing.ViewComponents\Marketing.ViewComponents.xproj", "{CD4E7779-7C44-404B-97D5-92A1D7D364F1}"
EndProject
Project("{8BB2217D-0F2D-49D1-97BC-3654ED321F3B}") = "CustomerCare.ViewComponents", "CustomerCare.ViewComponents\CustomerCare.ViewComponents.xproj", "{522B899F-7CC7-4F43-B875-9678C712A747}"
EndProject
Project("{8BB2217D-0F2D-49D1-97BC-3654ED321F3B}") = "CustomerCare.CoreViewModelComposition", "CustomerCare.CoreViewModelComposition\CustomerCare.CoreViewModelComposition.xproj", "{660A269D-D0F7-4387-8FDD-F97695F23E75}"
EndProject
Project("{8BB2217D-0F2D-49D1-97BC-3654ED321F3B}") = "CoreUIComposition", "CoreUIComposition\CoreUIComposition.xproj", "{95D767F0-FBC7-469B-AF40-418B79F9ED01}"
EndProject
Global
	GlobalSection(SolutionConfigurationPlatforms) = preSolution
		Debug|Any CPU = Debug|Any CPU
		Release|Any CPU = Release|Any CPU
	EndGlobalSection
	GlobalSection(ProjectConfigurationPlatforms) = postSolution
		{314AA28E-E5A9-40B3-AA9B-C2C0E5BAD059}.Debug|Any CPU.ActiveCfg = Debug|Any CPU
		{314AA28E-E5A9-40B3-AA9B-C2C0E5BAD059}.Debug|Any CPU.Build.0 = Debug|Any CPU
		{314AA28E-E5A9-40B3-AA9B-C2C0E5BAD059}.Release|Any CPU.ActiveCfg = Release|Any CPU
		{314AA28E-E5A9-40B3-AA9B-C2C0E5BAD059}.Release|Any CPU.Build.0 = Release|Any CPU
		{FEE53DC5-B52D-49DB-8F07-A8C835998283}.Debug|Any CPU.ActiveCfg = Debug|Any CPU
		{FEE53DC5-B52D-49DB-8F07-A8C835998283}.Debug|Any CPU.Build.0 = Debug|Any CPU
		{FEE53DC5-B52D-49DB-8F07-A8C835998283}.Release|Any CPU.ActiveCfg = Release|Any CPU
		{FEE53DC5-B52D-49DB-8F07-A8C835998283}.Release|Any CPU.Build.0 = Release|Any CPU
		{80F82F7D-3F0A-4316-87CD-49F19DBD5B85}.Debug|Any CPU.ActiveCfg = Debug|Any CPU
		{80F82F7D-3F0A-4316-87CD-49F19DBD5B85}.Debug|Any CPU.Build.0 = Debug|Any CPU
		{80F82F7D-3F0A-4316-87CD-49F19DBD5B85}.Release|Any CPU.ActiveCfg = Release|Any CPU
		{80F82F7D-3F0A-4316-87CD-49F19DBD5B85}.Release|Any CPU.Build.0 = Release|Any CPU
		{DDD197A8-088D-4D14-B467-2E8821A194FE}.Debug|Any CPU.ActiveCfg = Debug|Any CPU
		{DDD197A8-088D-4D14-B467-2E8821A194FE}.Debug|Any CPU.Build.0 = Debug|Any CPU
		{DDD197A8-088D-4D14-B467-2E8821A194FE}.Release|Any CPU.ActiveCfg = Release|Any CPU
		{DDD197A8-088D-4D14-B467-2E8821A194FE}.Release|Any CPU.Build.0 = Release|Any CPU
		{5D29935F-0A01-4FB4-87E3-E77E76F03A4B}.Debug|Any CPU.ActiveCfg = Debug|Any CPU
		{5D29935F-0A01-4FB4-87E3-E77E76F03A4B}.Debug|Any CPU.Build.0 = Debug|Any CPU
		{5D29935F-0A01-4FB4-87E3-E77E76F03A4B}.Release|Any CPU.ActiveCfg = Release|Any CPU
		{5D29935F-0A01-4FB4-87E3-E77E76F03A4B}.Release|Any CPU.Build.0 = Release|Any CPU
		{24CA26DC-B634-428A-B026-8DCC2400073C}.Debug|Any CPU.ActiveCfg = Debug|Any CPU
		{24CA26DC-B634-428A-B026-8DCC2400073C}.Debug|Any CPU.Build.0 = Debug|Any CPU
		{24CA26DC-B634-428A-B026-8DCC2400073C}.Release|Any CPU.ActiveCfg = Release|Any CPU
		{24CA26DC-B634-428A-B026-8DCC2400073C}.Release|Any CPU.Build.0 = Release|Any CPU
		{3CE63ADE-DFAD-4258-95A9-1376927F7DB0}.Debug|Any CPU.ActiveCfg = Debug|Any CPU
		{3CE63ADE-DFAD-4258-95A9-1376927F7DB0}.Debug|Any CPU.Build.0 = Debug|Any CPU
		{3CE63ADE-DFAD-4258-95A9-1376927F7DB0}.Release|Any CPU.ActiveCfg = Release|Any CPU
		{3CE63ADE-DFAD-4258-95A9-1376927F7DB0}.Release|Any CPU.Build.0 = Release|Any CPU
		{A0889F19-5C06-4245-8007-0B4AE2B38F66}.Debug|Any CPU.ActiveCfg = Debug|Any CPU
		{A0889F19-5C06-4245-8007-0B4AE2B38F66}.Debug|Any CPU.Build.0 = Debug|Any CPU
		{A0889F19-5C06-4245-8007-0B4AE2B38F66}.Release|Any CPU.ActiveCfg = Release|Any CPU
		{A0889F19-5C06-4245-8007-0B4AE2B38F66}.Release|Any CPU.Build.0 = Release|Any CPU
		{27394BC8-ABE0-4640-B0D3-EF026A653648}.Debug|Any CPU.ActiveCfg = Debug|Any CPU
		{27394BC8-ABE0-4640-B0D3-EF026A653648}.Debug|Any CPU.Build.0 = Debug|Any CPU
		{27394BC8-ABE0-4640-B0D3-EF026A653648}.Release|Any CPU.ActiveCfg = Release|Any CPU
		{27394BC8-ABE0-4640-B0D3-EF026A653648}.Release|Any CPU.Build.0 = Release|Any CPU
		{8453A5D4-29B7-4FA2-87AE-7F927D23C620}.Debug|Any CPU.ActiveCfg = Debug|Any CPU
		{8453A5D4-29B7-4FA2-87AE-7F927D23C620}.Debug|Any CPU.Build.0 = Debug|Any CPU
		{8453A5D4-29B7-4FA2-87AE-7F927D23C620}.Release|Any CPU.ActiveCfg = Release|Any CPU
		{8453A5D4-29B7-4FA2-87AE-7F927D23C620}.Release|Any CPU.Build.0 = Release|Any CPU
		{2722C284-6DAE-4A22-95EE-EE1BC89D2040}.Debug|Any CPU.ActiveCfg = Debug|Any CPU
		{2722C284-6DAE-4A22-95EE-EE1BC89D2040}.Debug|Any CPU.Build.0 = Debug|Any CPU
		{2722C284-6DAE-4A22-95EE-EE1BC89D2040}.Release|Any CPU.ActiveCfg = Release|Any CPU
		{2722C284-6DAE-4A22-95EE-EE1BC89D2040}.Release|Any CPU.Build.0 = Release|Any CPU
		{A4C64846-FE62-433B-B3C9-8DB6F784F8AA}.Debug|Any CPU.ActiveCfg = Debug|Any CPU
		{A4C64846-FE62-433B-B3C9-8DB6F784F8AA}.Debug|Any CPU.Build.0 = Debug|Any CPU
		{A4C64846-FE62-433B-B3C9-8DB6F784F8AA}.Release|Any CPU.ActiveCfg = Release|Any CPU
		{A4C64846-FE62-433B-B3C9-8DB6F784F8AA}.Release|Any CPU.Build.0 = Release|Any CPU
		{630E7C82-8078-460F-A038-7769D60A8834}.Debug|Any CPU.ActiveCfg = Debug|Any CPU
		{630E7C82-8078-460F-A038-7769D60A8834}.Debug|Any CPU.Build.0 = Debug|Any CPU
		{630E7C82-8078-460F-A038-7769D60A8834}.Release|Any CPU.ActiveCfg = Release|Any CPU
		{630E7C82-8078-460F-A038-7769D60A8834}.Release|Any CPU.Build.0 = Release|Any CPU
		{3CD34822-B819-4862-ABBA-B679DB43AD08}.Debug|Any CPU.ActiveCfg = Debug|Any CPU
		{3CD34822-B819-4862-ABBA-B679DB43AD08}.Debug|Any CPU.Build.0 = Debug|Any CPU
		{3CD34822-B819-4862-ABBA-B679DB43AD08}.Release|Any CPU.ActiveCfg = Release|Any CPU
		{3CD34822-B819-4862-ABBA-B679DB43AD08}.Release|Any CPU.Build.0 = Release|Any CPU
		{A8D9AD44-9BD3-4532-8884-8BD0DC727530}.Debug|Any CPU.ActiveCfg = Debug|Any CPU
		{A8D9AD44-9BD3-4532-8884-8BD0DC727530}.Debug|Any CPU.Build.0 = Debug|Any CPU
		{A8D9AD44-9BD3-4532-8884-8BD0DC727530}.Release|Any CPU.ActiveCfg = Release|Any CPU
		{A8D9AD44-9BD3-4532-8884-8BD0DC727530}.Release|Any CPU.Build.0 = Release|Any CPU
		{1332477D-3A04-4A2F-8F8A-C2517FDAF4E4}.Debug|Any CPU.ActiveCfg = Debug|Any CPU
		{1332477D-3A04-4A2F-8F8A-C2517FDAF4E4}.Debug|Any CPU.Build.0 = Debug|Any CPU
		{1332477D-3A04-4A2F-8F8A-C2517FDAF4E4}.Release|Any CPU.ActiveCfg = Release|Any CPU
		{1332477D-3A04-4A2F-8F8A-C2517FDAF4E4}.Release|Any CPU.Build.0 = Release|Any CPU
		{AACA465A-7FE1-43D6-BB19-23BA69582943}.Debug|Any CPU.ActiveCfg = Debug|Any CPU
		{AACA465A-7FE1-43D6-BB19-23BA69582943}.Debug|Any CPU.Build.0 = Debug|Any CPU
		{AACA465A-7FE1-43D6-BB19-23BA69582943}.Release|Any CPU.ActiveCfg = Release|Any CPU
		{AACA465A-7FE1-43D6-BB19-23BA69582943}.Release|Any CPU.Build.0 = Release|Any CPU
		{819D4FFE-FF25-4C75-A0D6-CFD964B1CE2B}.Debug|Any CPU.ActiveCfg = Debug|Any CPU
		{819D4FFE-FF25-4C75-A0D6-CFD964B1CE2B}.Debug|Any CPU.Build.0 = Debug|Any CPU
		{819D4FFE-FF25-4C75-A0D6-CFD964B1CE2B}.Release|Any CPU.ActiveCfg = Release|Any CPU
		{819D4FFE-FF25-4C75-A0D6-CFD964B1CE2B}.Release|Any CPU.Build.0 = Release|Any CPU
		{CD4E7779-7C44-404B-97D5-92A1D7D364F1}.Debug|Any CPU.ActiveCfg = Debug|Any CPU
		{CD4E7779-7C44-404B-97D5-92A1D7D364F1}.Debug|Any CPU.Build.0 = Debug|Any CPU
		{CD4E7779-7C44-404B-97D5-92A1D7D364F1}.Release|Any CPU.ActiveCfg = Release|Any CPU
		{CD4E7779-7C44-404B-97D5-92A1D7D364F1}.Release|Any CPU.Build.0 = Release|Any CPU
		{522B899F-7CC7-4F43-B875-9678C712A747}.Debug|Any CPU.ActiveCfg = Debug|Any CPU
		{522B899F-7CC7-4F43-B875-9678C712A747}.Debug|Any CPU.Build.0 = Debug|Any CPU
		{522B899F-7CC7-4F43-B875-9678C712A747}.Release|Any CPU.ActiveCfg = Release|Any CPU
		{522B899F-7CC7-4F43-B875-9678C712A747}.Release|Any CPU.Build.0 = Release|Any CPU
		{660A269D-D0F7-4387-8FDD-F97695F23E75}.Debug|Any CPU.ActiveCfg = Debug|Any CPU
		{660A269D-D0F7-4387-8FDD-F97695F23E75}.Debug|Any CPU.Build.0 = Debug|Any CPU
		{660A269D-D0F7-4387-8FDD-F97695F23E75}.Release|Any CPU.ActiveCfg = Release|Any CPU
		{660A269D-D0F7-4387-8FDD-F97695F23E75}.Release|Any CPU.Build.0 = Release|Any CPU
		{95D767F0-FBC7-469B-AF40-418B79F9ED01}.Debug|Any CPU.ActiveCfg = Debug|Any CPU
		{95D767F0-FBC7-469B-AF40-418B79F9ED01}.Debug|Any CPU.Build.0 = Debug|Any CPU
		{95D767F0-FBC7-469B-AF40-418B79F9ED01}.Release|Any CPU.ActiveCfg = Release|Any CPU
		{95D767F0-FBC7-469B-AF40-418B79F9ED01}.Release|Any CPU.Build.0 = Release|Any CPU
	EndGlobalSection
	GlobalSection(SolutionProperties) = preSolution
		HideSolutionNode = FALSE
	EndGlobalSection
	GlobalSection(NestedProjects) = preSolution
		{314AA28E-E5A9-40B3-AA9B-C2C0E5BAD059} = {808B901F-6EF7-49F0-B668-F54EEDB1F3F1}
		{FEE53DC5-B52D-49DB-8F07-A8C835998283} = {65F37558-1C29-4247-BD01-4DFAFD452ECB}
		{80F82F7D-3F0A-4316-87CD-49F19DBD5B85} = {3F113598-B240-4E06-B41A-6C684C208F2A}
		{DDD197A8-088D-4D14-B467-2E8821A194FE} = {26682838-0793-404D-A434-8C9890CD8141}
		{5D29935F-0A01-4FB4-87E3-E77E76F03A4B} = {D10E0315-B178-4A0B-B089-C8B77DFB7E28}
		{24CA26DC-B634-428A-B026-8DCC2400073C} = {808B901F-6EF7-49F0-B668-F54EEDB1F3F1}
		{3CE63ADE-DFAD-4258-95A9-1376927F7DB0} = {9C624413-311A-4BC3-8B7D-C0BD80654813}
		{A0889F19-5C06-4245-8007-0B4AE2B38F66} = {3F113598-B240-4E06-B41A-6C684C208F2A}
		{27394BC8-ABE0-4640-B0D3-EF026A653648} = {65F37558-1C29-4247-BD01-4DFAFD452ECB}
		{8453A5D4-29B7-4FA2-87AE-7F927D23C620} = {26682838-0793-404D-A434-8C9890CD8141}
		{2722C284-6DAE-4A22-95EE-EE1BC89D2040} = {D10E0315-B178-4A0B-B089-C8B77DFB7E28}
		{630E7C82-8078-460F-A038-7769D60A8834} = {9C624413-311A-4BC3-8B7D-C0BD80654813}
		{3CD34822-B819-4862-ABBA-B679DB43AD08} = {808B901F-6EF7-49F0-B668-F54EEDB1F3F1}
		{A8D9AD44-9BD3-4532-8884-8BD0DC727530} = {9C624413-311A-4BC3-8B7D-C0BD80654813}
		{1332477D-3A04-4A2F-8F8A-C2517FDAF4E4} = {9C624413-311A-4BC3-8B7D-C0BD80654813}
		{AACA465A-7FE1-43D6-BB19-23BA69582943} = {3F113598-B240-4E06-B41A-6C684C208F2A}
		{819D4FFE-FF25-4C75-A0D6-CFD964B1CE2B} = {3F113598-B240-4E06-B41A-6C684C208F2A}
		{CD4E7779-7C44-404B-97D5-92A1D7D364F1} = {808B901F-6EF7-49F0-B668-F54EEDB1F3F1}
		{522B899F-7CC7-4F43-B875-9678C712A747} = {D10E0315-B178-4A0B-B089-C8B77DFB7E28}
		{660A269D-D0F7-4387-8FDD-F97695F23E75} = {D10E0315-B178-4A0B-B089-C8B77DFB7E28}
		{95D767F0-FBC7-469B-AF40-418B79F9ED01} = {9C624413-311A-4BC3-8B7D-C0BD80654813}
	EndGlobalSection
EndGlobal
